{
  "name": "278204.github.io",
  "version": "1.0.0",
  "lockfileVersion": 1,
  "requires": true,
  "dependencies": {
    "esbuild": {
      "version": "0.7.2",
      "resolved": "https://registry.npmjs.org/esbuild/-/esbuild-0.7.2.tgz",
      "integrity": "sha512-KyMvZ9zNe7AvcWkU0/BwVqNq6Hk/+xXjgaZHVjHlTNaz9FO21Ehx0yZiwBRYaWmPxDHvCAvo9vzJHOVCjqZC4w=="
    },
    "jff-table": {
      "version": "0.0.4",
      "resolved": "https://registry.npmjs.org/jff-table/-/jff-table-0.0.4.tgz",
      "integrity": "sha512-6AnmfZ0EkQOzGgJMIf0kFz0Sewo5P4MY82LkpJHVVpjim9cwZe0t9CHtqah+NCdDoZDtr9JI5VRii/sV+zkPUQ==",
      "requires": {
        "esbuild": "^0.7.2"
      }
    }
  }
}
